
Microsoft Visual Studio Solution File, Format Version 12.00
# Visual Studio Version 16
VisualStudioVersion = 16.0.33130.400
MinimumVisualStudioVersion = 10.0.40219.1
Project("{FAE04EC0-301F-11D3-BF4B-00C04F79EFBC}") = "Steady Hands", "Steady Hands\Steady Hands.csproj", "{261B7C18-4394-4E5A-8DF6-43C3B09F019B}"
	ProjectSection(ProjectDependencies) = postProject
		{766F5A2E-6B17-4C85-922B-9D15E6DC12E4} = {766F5A2E-6B17-4C85-922B-9D15E6DC12E4}
	EndProjectSection
EndProject
Project("{9A19103F-16F7-4668-BE54-9A1E7A4F7556}") = "SoulsFormats", "SoulsFormats-er\SoulsFormats\SoulsFormats.csproj", "{766F5A2E-6B17-4C85-922B-9D15E6DC12E4}"
EndProject
Global
	GlobalSection(SolutionConfigurationPlatforms) = preSolution
		Debug|Any CPU = Debug|Any CPU
		Release|Any CPU = Release|Any CPU
	EndGlobalSection
	GlobalSection(ProjectConfigurationPlatforms) = postSolution
		{261B7C18-4394-4E5A-8DF6-43C3B09F019B}.Debug|Any CPU.ActiveCfg = Debug|Any CPU
		{261B7C18-4394-4E5A-8DF6-43C3B09F019B}.Debug|Any CPU.Build.0 = Debug|Any CPU
		{261B7C18-4394-4E5A-8DF6-43C3B09F019B}.Release|Any CPU.ActiveCfg = Release|Any CPU
		{261B7C18-4394-4E5A-8DF6-43C3B09F019B}.Release|Any CPU.Build.0 = Release|Any CPU
		{766F5A2E-6B17-4C85-922B-9D15E6DC12E4}.Debug|Any CPU.ActiveCfg = Debug|Any CPU
		{766F5A2E-6B17-4C85-922B-9D15E6DC12E4}.Debug|Any CPU.Build.0 = Debug|Any CPU
		{766F5A2E-6B17-4C85-922B-9D15E6DC12E4}.Release|Any CPU.ActiveCfg = Release|Any CPU
		{766F5A2E-6B17-4C85-922B-9D15E6DC12E4}.Release|Any CPU.Build.0 = Release|Any CPU
	EndGlobalSection
	GlobalSection(SolutionProperties) = preSolution
		HideSolutionNode = FALSE
	EndGlobalSection
	GlobalSection(ExtensibilityGlobals) = postSolution
		SolutionGuid = {A6BDD175-F81E-4684-B93B-F94408C26178}
	EndGlobalSection
EndGlobal
